
Microsoft Visual Studio Solution File, Format Version 12.00
# Visual Studio 15
VisualStudioVersion = 15.0.28307.168
MinimumVisualStudioVersion = 10.0.40219.1
Project("{FAE04EC0-301F-11D3-BF4B-00C04F79EFBC}") = "Bugfixes", "KingmakerBugfixes\Bugfixes.csproj", "{7965FB86-FB68-426C-BCE3-A010AAF75D59}"
EndProject
Project("{D954291E-2A0B-460D-934E-DC6B0785DB48}") = "ModMaker", "..\KingmakerModMaker\ModMaker\ModMaker.shproj", "{7D3F9428-C134-47FE-9D04-305B4D330401}"
EndProject
Global
	GlobalSection(SharedMSBuildProjectFiles) = preSolution
		..\KingmakerModMaker\ModMaker\ModMaker.projitems*{7965fb86-fb68-426c-bce3-a010aaf75d59}*SharedItemsImports = 4
		..\KingmakerModMaker\ModMaker\ModMaker.projitems*{7d3f9428-c134-47fe-9d04-305b4d330401}*SharedItemsImports = 13
	EndGlobalSection
	GlobalSection(SolutionConfigurationPlatforms) = preSolution
		Debug|Any CPU = Debug|Any CPU
		Release|Any CPU = Release|Any CPU
	EndGlobalSection
	GlobalSection(ProjectConfigurationPlatforms) = postSolution
		{7965FB86-FB68-426C-BCE3-A010AAF75D59}.Debug|Any CPU.ActiveCfg = Debug|Any CPU
		{7965FB86-FB68-426C-BCE3-A010AAF75D59}.Debug|Any CPU.Build.0 = Debug|Any CPU
		{7965FB86-FB68-426C-BCE3-A010AAF75D59}.Release|Any CPU.ActiveCfg = Release|Any CPU
		{7965FB86-FB68-426C-BCE3-A010AAF75D59}.Release|Any CPU.Build.0 = Release|Any CPU
	EndGlobalSection
	GlobalSection(SolutionProperties) = preSolution
		HideSolutionNode = FALSE
	EndGlobalSection
	GlobalSection(ExtensibilityGlobals) = postSolution
		SolutionGuid = {B93CD9E9-2CF1-46E9-9A39-3F3496AF4D51}
	EndGlobalSection
EndGlobal
